
Microsoft Visual Studio Solution File, Format Version 12.00
# Visual Studio Version 17
VisualStudioVersion = 17.11.35327.3
MinimumVisualStudioVersion = 10.0.40219.1
Project("{FAE04EC0-301F-11D3-BF4B-00C04F79EFBC}") = "Data", "Data\Data.csproj", "{263AF30F-4625-4992-97D3-9E02A38C36A4}"
EndProject
Project("{FAE04EC0-301F-11D3-BF4B-00C04F79EFBC}") = "Domain", "Domain\Domain.csproj", "{9B1968E7-1BEF-4B94-A0DB-8F986AEC2A4A}"
EndProject
Project("{FAE04EC0-301F-11D3-BF4B-00C04F79EFBC}") = "Presentation", "Presentation\Presentation.csproj", "{4CD4AEAA-F205-4B14-BA40-4B43AD93C270}"
EndProject
Global
	GlobalSection(SolutionConfigurationPlatforms) = preSolution
		Debug|Any CPU = Debug|Any CPU
		Release|Any CPU = Release|Any CPU
	EndGlobalSection
	GlobalSection(ProjectConfigurationPlatforms) = postSolution
		{263AF30F-4625-4992-97D3-9E02A38C36A4}.Debug|Any CPU.ActiveCfg = Debug|Any CPU
		{263AF30F-4625-4992-97D3-9E02A38C36A4}.Debug|Any CPU.Build.0 = Debug|Any CPU
		{263AF30F-4625-4992-97D3-9E02A38C36A4}.Release|Any CPU.ActiveCfg = Release|Any CPU
		{263AF30F-4625-4992-97D3-9E02A38C36A4}.Release|Any CPU.Build.0 = Release|Any CPU
		{9B1968E7-1BEF-4B94-A0DB-8F986AEC2A4A}.Debug|Any CPU.ActiveCfg = Debug|Any CPU
		{9B1968E7-1BEF-4B94-A0DB-8F986AEC2A4A}.Debug|Any CPU.Build.0 = Debug|Any CPU
		{9B1968E7-1BEF-4B94-A0DB-8F986AEC2A4A}.Release|Any CPU.ActiveCfg = Release|Any CPU
		{9B1968E7-1BEF-4B94-A0DB-8F986AEC2A4A}.Release|Any CPU.Build.0 = Release|Any CPU
		{4CD4AEAA-F205-4B14-BA40-4B43AD93C270}.Debug|Any CPU.ActiveCfg = Debug|Any CPU
		{4CD4AEAA-F205-4B14-BA40-4B43AD93C270}.Debug|Any CPU.Build.0 = Debug|Any CPU
		{4CD4AEAA-F205-4B14-BA40-4B43AD93C270}.Release|Any CPU.ActiveCfg = Release|Any CPU
		{4CD4AEAA-F205-4B14-BA40-4B43AD93C270}.Release|Any CPU.Build.0 = Release|Any CPU
	EndGlobalSection
	GlobalSection(SolutionProperties) = preSolution
		HideSolutionNode = FALSE
	EndGlobalSection
	GlobalSection(ExtensibilityGlobals) = postSolution
		SolutionGuid = {0C947F39-B949-44D8-8D0B-2AEE220F1054}
	EndGlobalSection
EndGlobal
